
Microsoft Visual Studio Solution File, Format Version 12.00
# Visual Studio Version 17
VisualStudioVersion = 17.1.32421.90
MinimumVisualStudioVersion = 10.0.40219.1
Project("{FAE04EC0-301F-11D3-BF4B-00C04F79EFBC}") = "LAB1", "LAB1\LAB1.csproj", "{36E85A27-8682-40AD-BD72-098C72FF2A2A}"
EndProject
Global
	GlobalSection(SolutionConfigurationPlatforms) = preSolution
		Debug|Any CPU = Debug|Any CPU
		Release|Any CPU = Release|Any CPU
	EndGlobalSection
	GlobalSection(ProjectConfigurationPlatforms) = postSolution
		{36E85A27-8682-40AD-BD72-098C72FF2A2A}.Debug|Any CPU.ActiveCfg = Debug|Any CPU
		{36E85A27-8682-40AD-BD72-098C72FF2A2A}.Debug|Any CPU.Build.0 = Debug|Any CPU
		{36E85A27-8682-40AD-BD72-098C72FF2A2A}.Release|Any CPU.ActiveCfg = Release|Any CPU
		{36E85A27-8682-40AD-BD72-098C72FF2A2A}.Release|Any CPU.Build.0 = Release|Any CPU
	EndGlobalSection
	GlobalSection(SolutionProperties) = preSolution
		HideSolutionNode = FALSE
	EndGlobalSection
	GlobalSection(ExtensibilityGlobals) = postSolution
		SolutionGuid = {4703E280-B3AA-4CBB-8BCA-511E70F6D46D}
	EndGlobalSection
EndGlobal
